{
    "name": "q-core",
    "version": "1.0.0",
    "lockfileVersion": 3,
    "requires": true,
    "packages": {
        "": {
            "name": "q-core",
            "version": "1.0.0",
            "devDependencies": {
                "@types/pdfmake": "0.2.2",
                "rimraf": "4.4.1",
                "typescript": "^5.0.2"
            },
            "engines": {
                "node": ">=16.15.0"
            },
            "peerDependencies": {
                "@blitzjs/auth": "^2.0.0-beta.27",
                "@blitzjs/rpc": "^2.0.0-beta.27",
                "@emotion/cache": "^11.10.5",
                "@emotion/react": "^11.10.4",
                "@emotion/styled": "^11.10.4",
                "autosuggest-highlight": "^3.3.4",
                "blitz": "^2.0.0-beta.27",
                "color": "^4.2.3",
                "firebase": "^9.12.1",
                "firebase-admin": "^11.4.0",
                "graphql-request": "^5.1.0",
                "lodash.merge": "^4.6.2",
                "lodash.throttle": "^4.1.1",
                "next": "^12.2.5",
                "next-seo": "^5.5.0",
                "nodemailer": "^6.7.8",
                "pdfmake": "0.2.7",
                "postcss-syntax": "^0.36.2",
                "prettier": "^2.7.1",
                "react": "^18.2.0",
                "react-dom": "^18.2.0",
                "react-hook-form": "^7.35.0",
                "zod": "^3.20.2"
            }
        },
        "node_modules/@types/node": {
            "version": "20.1.7",
            "resolved": "https://registry.npmjs.org/@types/node/-/node-20.1.7.tgz",
            "integrity": "sha512-WCuw/o4GSwDGMoonES8rcvwsig77dGCMbZDrZr2x4ZZiNW4P/gcoZXe/0twgtobcTkmg9TuKflxYL/DuwDyJzg==",
            "dev": true,
            "license": "MIT"
        },
        "node_modules/@types/pdfkit": {
            "version": "0.12.9",
            "resolved": "https://registry.npmjs.org/@types/pdfkit/-/pdfkit-0.12.9.tgz",
            "integrity": "sha512-z0y4rQky+nvno3nzyNUeZbrx2YvwP0GEfnpk8o3zG7jL4FYCZk9Vn11DzM+HC4RPzaJDOg9kiLzl3lng4FDcLA==",
            "dev": true,
            "license": "MIT",
            "dependencies": {
                "@types/node": "*"
            }
        },
        "node_modules/@types/pdfmake": {
            "version": "0.2.2",
            "resolved": "https://registry.npmjs.org/@types/pdfmake/-/pdfmake-0.2.2.tgz",
            "integrity": "sha512-CBtkugrgklpXsZ9Wj/+cw+zYoeDnJxVev62ahwpdPCz/O405Wxr+iq76JgUiZc/QAo3P2lWbI2nYA5GrrSL8VQ==",
            "dev": true,
            "license": "MIT",
            "dependencies": {
                "@types/node": "*",
                "@types/pdfkit": "*"
            }
        },
        "node_modules/balanced-match": {
            "version": "1.0.2",
            "resolved": "https://registry.npmjs.org/balanced-match/-/balanced-match-1.0.2.tgz",
            "integrity": "sha512-3oSeUO0TMV67hN1AmbXsK4yaqU7tjiHlbxRDZOpH0KW9+CeX4bRAaX0Anxt0tx2MrpRpWwQaPwIlISEJhYU5Pw==",
            "dev": true,
            "license": "MIT"
        },
        "node_modules/brace-expansion": {
            "version": "2.0.1",
            "resolved": "https://registry.npmjs.org/brace-expansion/-/brace-expansion-2.0.1.tgz",
            "integrity": "sha512-XnAIvQ8eM+kC6aULx6wuQiwVsnzsi9d3WxzV3FpWTGA19F621kwdbsAcFKXgKUHZWsy+mY6iL1sHTxWEFCytDA==",
            "dev": true,
            "license": "MIT",
            "dependencies": {
                "balanced-match": "^1.0.0"
            }
        },
        "node_modules/fs.realpath": {
            "version": "1.0.0",
            "resolved": "https://registry.npmjs.org/fs.realpath/-/fs.realpath-1.0.0.tgz",
            "integrity": "sha512-OO0pH2lK6a0hZnAdau5ItzHPI6pUlvI7jMVnxUQRtw4owF2wk8lOSabtGDCTP4Ggrg2MbGnWO9X8K1t4+fGMDw==",
            "dev": true,
            "license": "ISC"
        },
        "node_modules/glob": {
            "version": "9.3.5",
            "resolved": "https://registry.npmjs.org/glob/-/glob-9.3.5.tgz",
            "integrity": "sha512-e1LleDykUz2Iu+MTYdkSsuWX8lvAjAcs0Xef0lNIu0S2wOAzuTxCJtcd9S3cijlwYF18EsU3rzb8jPVobxDh9Q==",
            "dev": true,
            "license": "ISC",
            "dependencies": {
                "fs.realpath": "^1.0.0",
                "minimatch": "^8.0.2",
                "minipass": "^4.2.4",
                "path-scurry": "^1.6.1"
            },
            "engines": {
                "node": ">=16 || 14 >=14.17"
            },
            "funding": {
                "url": "https://github.com/sponsors/isaacs"
            }
        },
        "node_modules/lru-cache": {
            "version": "9.1.1",
            "resolved": "https://registry.npmjs.org/lru-cache/-/lru-cache-9.1.1.tgz",
            "integrity": "sha512-65/Jky17UwSb0BuB9V+MyDpsOtXKmYwzhyl+cOa9XUiI4uV2Ouy/2voFP3+al0BjZbJgMBD8FojMpAf+Z+qn4A==",
            "dev": true,
            "license": "ISC",
            "engines": {
                "node": "14 || >=16.14"
            }
        },
        "node_modules/minimatch": {
            "version": "8.0.4",
            "resolved": "https://registry.npmjs.org/minimatch/-/minimatch-8.0.4.tgz",
            "integrity": "sha512-W0Wvr9HyFXZRGIDgCicunpQ299OKXs9RgZfaukz4qAW/pJhcpUfupc9c+OObPOFueNy8VSrZgEmDtk6Kh4WzDA==",
            "dev": true,
            "license": "ISC",
            "dependencies": {
                "brace-expansion": "^2.0.1"
            },
            "engines": {
                "node": ">=16 || 14 >=14.17"
            },
            "funding": {
                "url": "https://github.com/sponsors/isaacs"
            }
        },
        "node_modules/minipass": {
            "version": "4.2.8",
            "resolved": "https://registry.npmjs.org/minipass/-/minipass-4.2.8.tgz",
            "integrity": "sha512-fNzuVyifolSLFL4NzpF+wEF4qrgqaaKX0haXPQEdQ7NKAN+WecoKMHV09YcuL/DHxrUsYQOK3MiuDf7Ip2OXfQ==",
            "dev": true,
            "license": "ISC",
            "engines": {
                "node": ">=8"
            }
        },
        "node_modules/path-scurry": {
            "version": "1.9.1",
            "resolved": "https://registry.npmjs.org/path-scurry/-/path-scurry-1.9.1.tgz",
            "integrity": "sha512-UgmoiySyjFxP6tscZDgWGEAgsW5ok8W3F5CJDnnH2pozwSTGE6eH7vwTotMwATWA2r5xqdkKdxYPkwlJjAI/3g==",
            "dev": true,
            "license": "BlueOak-1.0.0",
            "dependencies": {
                "lru-cache": "^9.1.1",
                "minipass": "^5.0.0 || ^6.0.0"
            },
            "engines": {
                "node": ">=16 || 14 >=14.17"
            },
            "funding": {
                "url": "https://github.com/sponsors/isaacs"
            }
        },
        "node_modules/path-scurry/node_modules/minipass": {
            "version": "6.0.1",
            "resolved": "https://registry.npmjs.org/minipass/-/minipass-6.0.1.tgz",
            "integrity": "sha512-Tenl5QPpgozlOGBiveNYHg2f6y+VpxsXRoIHFUVJuSmTonXRAE6q9b8Mp/O46762/2AlW4ye4Nkyvx0fgWDKbw==",
            "dev": true,
            "license": "ISC",
            "engines": {
                "node": ">=16 || 14 >=14.17"
            }
        },
        "node_modules/rimraf": {
            "version": "4.4.1",
            "resolved": "https://registry.npmjs.org/rimraf/-/rimraf-4.4.1.tgz",
            "integrity": "sha512-Gk8NlF062+T9CqNGn6h4tls3k6T1+/nXdOcSZVikNVtlRdYpA7wRJJMoXmuvOnLW844rPjdQ7JgXCYM6PPC/og==",
            "dev": true,
            "license": "ISC",
            "dependencies": {
                "glob": "^9.2.0"
            },
            "bin": {
                "rimraf": "dist/cjs/src/bin.js"
            },
            "engines": {
                "node": ">=14"
            },
            "funding": {
                "url": "https://github.com/sponsors/isaacs"
            }
        },
        "node_modules/typescript": {
            "version": "5.0.4",
            "resolved": "https://registry.npmjs.org/typescript/-/typescript-5.0.4.tgz",
            "integrity": "sha512-cW9T5W9xY37cc+jfEnaUvX91foxtHkza3Nw3wkoF4sSlKn0MONdkdEndig/qPBWXNkmplh3NzayQzCiHM4/hqw==",
            "dev": true,
            "license": "Apache-2.0",
            "bin": {
                "tsc": "bin/tsc",
                "tsserver": "bin/tsserver"
            },
            "engines": {
                "node": ">=12.20"
            }
        }
    }
}
