# THIS IS AN AUTOGENERATED FILE. DO NOT EDIT THIS FILE DIRECTLY.
# yarn lockfile v1


"@types/node@*":
  version "20.1.7"
  resolved "https://registry.yarnpkg.com/@types/node/-/node-20.1.7.tgz#ce10c802f7731909d0a44ac9888e8b3a9125eb62"
  integrity sha512-WCuw/o4GSwDGMoonES8rcvwsig77dGCMbZDrZr2x4ZZiNW4P/gcoZXe/0twgtobcTkmg9TuKflxYL/DuwDyJzg==

"@types/pdfkit@*":
  version "0.12.9"
  resolved "https://registry.yarnpkg.com/@types/pdfkit/-/pdfkit-0.12.9.tgz#4a6c41c8216eff4e1382f3a9b03385a94a11c192"
  integrity sha512-z0y4rQky+nvno3nzyNUeZbrx2YvwP0GEfnpk8o3zG7jL4FYCZk9Vn11DzM+HC4RPzaJDOg9kiLzl3lng4FDcLA==
  dependencies:
    "@types/node" "*"

"@types/pdfmake@0.2.2":
  version "0.2.2"
  resolved "https://registry.yarnpkg.com/@types/pdfmake/-/pdfmake-0.2.2.tgz#5683262e97e9b0189745a8572c49c51ba87c1573"
  integrity sha512-CBtkugrgklpXsZ9Wj/+cw+zYoeDnJxVev62ahwpdPCz/O405Wxr+iq76JgUiZc/QAo3P2lWbI2nYA5GrrSL8VQ==
  dependencies:
    "@types/node" "*"
    "@types/pdfkit" "*"

balanced-match@^1.0.0:
  version "1.0.2"
  resolved "https://registry.yarnpkg.com/balanced-match/-/balanced-match-1.0.2.tgz#e83e3a7e3f300b34cb9d87f615fa0cbf357690ee"
  integrity sha512-3oSeUO0TMV67hN1AmbXsK4yaqU7tjiHlbxRDZOpH0KW9+CeX4bRAaX0Anxt0tx2MrpRpWwQaPwIlISEJhYU5Pw==

brace-expansion@^2.0.1:
  version "2.0.1"
  resolved "https://registry.yarnpkg.com/brace-expansion/-/brace-expansion-2.0.1.tgz#1edc459e0f0c548486ecf9fc99f2221364b9a0ae"
  integrity sha512-XnAIvQ8eM+kC6aULx6wuQiwVsnzsi9d3WxzV3FpWTGA19F621kwdbsAcFKXgKUHZWsy+mY6iL1sHTxWEFCytDA==
  dependencies:
    balanced-match "^1.0.0"

fs.realpath@^1.0.0:
  version "1.0.0"
  resolved "https://registry.yarnpkg.com/fs.realpath/-/fs.realpath-1.0.0.tgz#1504ad2523158caa40db4a2787cb01411994ea4f"
  integrity sha512-OO0pH2lK6a0hZnAdau5ItzHPI6pUlvI7jMVnxUQRtw4owF2wk8lOSabtGDCTP4Ggrg2MbGnWO9X8K1t4+fGMDw==

glob@^9.2.0:
  version "9.3.5"
  resolved "https://registry.yarnpkg.com/glob/-/glob-9.3.5.tgz#ca2ed8ca452781a3009685607fdf025a899dfe21"
  integrity sha512-e1LleDykUz2Iu+MTYdkSsuWX8lvAjAcs0Xef0lNIu0S2wOAzuTxCJtcd9S3cijlwYF18EsU3rzb8jPVobxDh9Q==
  dependencies:
    fs.realpath "^1.0.0"
    minimatch "^8.0.2"
    minipass "^4.2.4"
    path-scurry "^1.6.1"

lru-cache@^9.1.1:
  version "9.1.1"
  resolved "https://registry.yarnpkg.com/lru-cache/-/lru-cache-9.1.1.tgz#c58a93de58630b688de39ad04ef02ef26f1902f1"
  integrity sha512-65/Jky17UwSb0BuB9V+MyDpsOtXKmYwzhyl+cOa9XUiI4uV2Ouy/2voFP3+al0BjZbJgMBD8FojMpAf+Z+qn4A==

minimatch@^8.0.2:
  version "8.0.4"
  resolved "https://registry.yarnpkg.com/minimatch/-/minimatch-8.0.4.tgz#847c1b25c014d4e9a7f68aaf63dedd668a626229"
  integrity sha512-W0Wvr9HyFXZRGIDgCicunpQ299OKXs9RgZfaukz4qAW/pJhcpUfupc9c+OObPOFueNy8VSrZgEmDtk6Kh4WzDA==
  dependencies:
    brace-expansion "^2.0.1"

minipass@^4.2.4:
  version "4.2.8"
  resolved "https://registry.yarnpkg.com/minipass/-/minipass-4.2.8.tgz#f0010f64393ecfc1d1ccb5f582bcaf45f48e1a3a"
  integrity sha512-fNzuVyifolSLFL4NzpF+wEF4qrgqaaKX0haXPQEdQ7NKAN+WecoKMHV09YcuL/DHxrUsYQOK3MiuDf7Ip2OXfQ==

"minipass@^5.0.0 || ^6.0.0":
  version "6.0.1"
  resolved "https://registry.yarnpkg.com/minipass/-/minipass-6.0.1.tgz#315417c259cb32a1b2fc530c0e7f55c901a60a6d"
  integrity sha512-Tenl5QPpgozlOGBiveNYHg2f6y+VpxsXRoIHFUVJuSmTonXRAE6q9b8Mp/O46762/2AlW4ye4Nkyvx0fgWDKbw==

path-scurry@^1.6.1:
  version "1.9.1"
  resolved "https://registry.yarnpkg.com/path-scurry/-/path-scurry-1.9.1.tgz#838566bb22e38feaf80ecd49ae06cd12acd782ee"
  integrity sha512-UgmoiySyjFxP6tscZDgWGEAgsW5ok8W3F5CJDnnH2pozwSTGE6eH7vwTotMwATWA2r5xqdkKdxYPkwlJjAI/3g==
  dependencies:
    lru-cache "^9.1.1"
    minipass "^5.0.0 || ^6.0.0"

rimraf@4.4.1:
  version "4.4.1"
  resolved "https://registry.yarnpkg.com/rimraf/-/rimraf-4.4.1.tgz#bd33364f67021c5b79e93d7f4fa0568c7c21b755"
  integrity sha512-Gk8NlF062+T9CqNGn6h4tls3k6T1+/nXdOcSZVikNVtlRdYpA7wRJJMoXmuvOnLW844rPjdQ7JgXCYM6PPC/og==
  dependencies:
    glob "^9.2.0"

typescript@^5.0.2:
  version "5.0.4"
  resolved "https://registry.yarnpkg.com/typescript/-/typescript-5.0.4.tgz#b217fd20119bd61a94d4011274e0ab369058da3b"
  integrity sha512-cW9T5W9xY37cc+jfEnaUvX91foxtHkza3Nw3wkoF4sSlKn0MONdkdEndig/qPBWXNkmplh3NzayQzCiHM4/hqw==
